
Microsoft Visual Studio Solution File, Format Version 12.00
# Visual Studio Version 17
VisualStudioVersion = 17.2.32630.192
MinimumVisualStudioVersion = 10.0.40219.1
Project("{FAE04EC0-301F-11D3-BF4B-00C04F79EFBC}") = "OpenWeatherMapAPI", "OpenWeatherMapAPI\OpenWeatherMapAPI.csproj", "{2F70828E-8E6D-43AC-8935-0C2B7C3F10E8}"
EndProject
Global
	GlobalSection(SolutionConfigurationPlatforms) = preSolution
		Debug|Any CPU = Debug|Any CPU
		Release|Any CPU = Release|Any CPU
	EndGlobalSection
	GlobalSection(ProjectConfigurationPlatforms) = postSolution
		{2F70828E-8E6D-43AC-8935-0C2B7C3F10E8}.Debug|Any CPU.ActiveCfg = Debug|Any CPU
		{2F70828E-8E6D-43AC-8935-0C2B7C3F10E8}.Debug|Any CPU.Build.0 = Debug|Any CPU
		{2F70828E-8E6D-43AC-8935-0C2B7C3F10E8}.Release|Any CPU.ActiveCfg = Release|Any CPU
		{2F70828E-8E6D-43AC-8935-0C2B7C3F10E8}.Release|Any CPU.Build.0 = Release|Any CPU
	EndGlobalSection
	GlobalSection(SolutionProperties) = preSolution
		HideSolutionNode = FALSE
	EndGlobalSection
	GlobalSection(ExtensibilityGlobals) = postSolution
		SolutionGuid = {FC836E00-11D7-4047-AF99-1CDEA7EB9461}
	EndGlobalSection
EndGlobal
